
Microsoft Visual Studio Solution File, Format Version 12.00
# Visual Studio 15
VisualStudioVersion = 15.0.28307.1705
MinimumVisualStudioVersion = 10.0.40219.1
Project("{FAE04EC0-301F-11D3-BF4B-00C04F79EFBC}") = "VBLSnippetManager", "VBLSnippetManager\VBLSnippetManager.csproj", "{98942661-681D-432E-B046-63B20A3B2C01}"
EndProject
Global
	GlobalSection(SolutionConfigurationPlatforms) = preSolution
		Debug|Any CPU = Debug|Any CPU
		Release|Any CPU = Release|Any CPU
	EndGlobalSection
	GlobalSection(ProjectConfigurationPlatforms) = postSolution
		{98942661-681D-432E-B046-63B20A3B2C01}.Debug|Any CPU.ActiveCfg = Debug|Any CPU
		{98942661-681D-432E-B046-63B20A3B2C01}.Debug|Any CPU.Build.0 = Debug|Any CPU
		{98942661-681D-432E-B046-63B20A3B2C01}.Release|Any CPU.ActiveCfg = Release|Any CPU
		{98942661-681D-432E-B046-63B20A3B2C01}.Release|Any CPU.Build.0 = Release|Any CPU
	EndGlobalSection
	GlobalSection(SolutionProperties) = preSolution
		HideSolutionNode = FALSE
	EndGlobalSection
	GlobalSection(ExtensibilityGlobals) = postSolution
		SolutionGuid = {A44E094B-0BCD-43C3-82AC-47AA818AD1E7}
	EndGlobalSection
	GlobalSection(TeamFoundationVersionControl) = preSolution
		SccNumberOfProjects = 2
		SccEnterpriseProvider = {4CA58AB2-18FA-4F8D-95D4-32DDF27D184C}
		SccTeamFoundationServer = https://realnewdawn.visualstudio.com/
		SccLocalPath0 = .
		SccProjectUniqueName1 = VBLSnippetManager\\VBLSnippetManager.csproj
		SccProjectName1 = VBLSnippetManager
		SccLocalPath1 = VBLSnippetManager
	EndGlobalSection
EndGlobal
